// !$*UTF8*$!
{
	archiveVersion = 1;
	classes = {
	};
	objectVersion = 46;
	objects = {

/* Begin PBXBuildFile section */
		360993111C3F1B8F0082B995 /* hpple.framework in Frameworks */ = {isa = PBXBuildFile; fileRef = 360993101C3F1B8F0082B995 /* hpple.framework */; };
		360993141C4049530082B995 /* UIAppearance_Swift.m in Sources */ = {isa = PBXBuildFile; fileRef = 360993131C4049530082B995 /* UIAppearance_Swift.m */; };
		360EA4AF1C0F6D7300692668 /* TopicCollectionViewCell.swift in Sources */ = {isa = PBXBuildFile; fileRef = 360EA4AE1C0F6D7300692668 /* TopicCollectionViewCell.swift */; };
		360EA4B11C0F6DC400692668 /* TopicCollectionViewCell.xib in Resources */ = {isa = PBXBuildFile; fileRef = 360EA4B01C0F6DC400692668 /* TopicCollectionViewCell.xib */; };
		360EA4B31C0F6F1400692668 /* PopularViewController.swift in Sources */ = {isa = PBXBuildFile; fileRef = 360EA4B21C0F6F1400692668 /* PopularViewController.swift */; };
		360EA4B51C0F6F3A00692668 /* PopularViewController.xib in Resources */ = {isa = PBXBuildFile; fileRef = 360EA4B41C0F6F3A00692668 /* PopularViewController.xib */; };
		360EA4B81C0F70F800692668 /* PopularTrendingTopicsTableViewCell.swift in Sources */ = {isa = PBXBuildFile; fileRef = 360EA4B71C0F70F800692668 /* PopularTrendingTopicsTableViewCell.swift */; };
		360EA4BA1C0F710100692668 /* PopularTrendingTopicsTableViewCell.xib in Resources */ = {isa = PBXBuildFile; fileRef = 360EA4B91C0F710100692668 /* PopularTrendingTopicsTableViewCell.xib */; };
		3615B6FC1C19C5A4006BB8B4 /* CreateURLPostChooseImageViewController.swift in Sources */ = {isa = PBXBuildFile; fileRef = 3615B6FB1C19C5A4006BB8B4 /* CreateURLPostChooseImageViewController.swift */; };
		3615B6FE1C19C5BE006BB8B4 /* CreateURLPostChooseImageViewController.xib in Resources */ = {isa = PBXBuildFile; fileRef = 3615B6FD1C19C5BE006BB8B4 /* CreateURLPostChooseImageViewController.xib */; };
		3615B7011C19CADF006BB8B4 /* CreatePostChooseImageCollectionViewCell.swift in Sources */ = {isa = PBXBuildFile; fileRef = 3615B7001C19CADF006BB8B4 /* CreatePostChooseImageCollectionViewCell.swift */; };
		3615B7031C19CAF6006BB8B4 /* CreatePostChooseImageCollectionViewCell.xib in Resources */ = {isa = PBXBuildFile; fileRef = 3615B7021C19CAF6006BB8B4 /* CreatePostChooseImageCollectionViewCell.xib */; };
		361FFE1A1C0CE8DE007EE366 /* TriangleView.swift in Sources */ = {isa = PBXBuildFile; fileRef = 361FFE191C0CE8DE007EE366 /* TriangleView.swift */; };
		361FFE1C1C0CF36E007EE366 /* PostDetailsViewController.swift in Sources */ = {isa = PBXBuildFile; fileRef = 361FFE1B1C0CF36E007EE366 /* PostDetailsViewController.swift */; };
		361FFE1E1C0CF381007EE366 /* PostDetailsViewController.xib in Resources */ = {isa = PBXBuildFile; fileRef = 361FFE1D1C0CF381007EE366 /* PostDetailsViewController.xib */; };
		361FFE201C0CFAB2007EE366 /* PostDetailHeaderTableViewCell.swift in Sources */ = {isa = PBXBuildFile; fileRef = 361FFE1F1C0CFAB1007EE366 /* PostDetailHeaderTableViewCell.swift */; };
		361FFE221C0CFAD1007EE366 /* PostDetailHeaderTableViewCell.xib in Resources */ = {isa = PBXBuildFile; fileRef = 361FFE211C0CFAD1007EE366 /* PostDetailHeaderTableViewCell.xib */; };
		361FFE241C0D0BA8007EE366 /* PostCommentOddTableViewCell.swift in Sources */ = {isa = PBXBuildFile; fileRef = 361FFE231C0D0BA8007EE366 /* PostCommentOddTableViewCell.swift */; };
		361FFE261C0D0BBE007EE366 /* PostCommentOddTableViewCell.xib in Resources */ = {isa = PBXBuildFile; fileRef = 361FFE251C0D0BBE007EE366 /* PostCommentOddTableViewCell.xib */; };
		361FFE281C0D0C46007EE366 /* PostComment.swift in Sources */ = {isa = PBXBuildFile; fileRef = 361FFE271C0D0C46007EE366 /* PostComment.swift */; };
		361FFE2A1C0D1792007EE366 /* PostCommentEvenTableViewCell.swift in Sources */ = {isa = PBXBuildFile; fileRef = 361FFE291C0D1792007EE366 /* PostCommentEvenTableViewCell.swift */; };
		361FFE2C1C0D1803007EE366 /* PostCommentEvenTableViewCell.xib in Resources */ = {isa = PBXBuildFile; fileRef = 361FFE2B1C0D1803007EE366 /* PostCommentEvenTableViewCell.xib */; };
		362D4BDC1C1F334800F065E5 /* CreateImagePostViewController.swift in Sources */ = {isa = PBXBuildFile; fileRef = 362D4BDB1C1F334800F065E5 /* CreateImagePostViewController.swift */; };
		362D4BDE1C1F336100F065E5 /* CreateImagePostViewController.xib in Resources */ = {isa = PBXBuildFile; fileRef = 362D4BDD1C1F336100F065E5 /* CreateImagePostViewController.xib */; };
		3636F9641C1EF79000999200 /* MyPODPreviewCollectionViewCell.swift in Sources */ = {isa = PBXBuildFile; fileRef = 3636F9631C1EF79000999200 /* MyPODPreviewCollectionViewCell.swift */; };
		3636F9661C1EF79C00999200 /* MyPODPreviewCollectionViewCell.xib in Resources */ = {isa = PBXBuildFile; fileRef = 3636F9651C1EF79C00999200 /* MyPODPreviewCollectionViewCell.xib */; };
		3641405F1C110F770022D1BE /* PostCommentsViewController.swift in Sources */ = {isa = PBXBuildFile; fileRef = 3641405E1C110F770022D1BE /* PostCommentsViewController.swift */; };
		364140611C110F900022D1BE /* PostCommentsViewController.xib in Resources */ = {isa = PBXBuildFile; fileRef = 364140601C110F900022D1BE /* PostCommentsViewController.xib */; };
		364140651C173B820022D1BE /* CreateURLPostViewController.swift in Sources */ = {isa = PBXBuildFile; fileRef = 364140641C173B810022D1BE /* CreateURLPostViewController.swift */; };
		364140671C173B8D0022D1BE /* CreateURLPostViewController.xib in Resources */ = {isa = PBXBuildFile; fileRef = 364140661C173B8D0022D1BE /* CreateURLPostViewController.xib */; };
		368798631C29BA190088AC24 /* NetworkController.swift in Sources */ = {isa = PBXBuildFile; fileRef = 368798621C29BA190088AC24 /* NetworkController.swift */; };
		368798661C29E1260088AC24 /* LoginViewController.swift in Sources */ = {isa = PBXBuildFile; fileRef = 368798651C29E1260088AC24 /* LoginViewController.swift */; };
		368798681C29E13C0088AC24 /* LoginViewController.xib in Resources */ = {isa = PBXBuildFile; fileRef = 368798671C29E13C0088AC24 /* LoginViewController.xib */; };
		368798851C2B2BA70088AC24 /* Raleway-Bold.ttf in Resources */ = {isa = PBXBuildFile; fileRef = 368798731C2B2BA70088AC24 /* Raleway-Bold.ttf */; };
		368798901C2B2BA70088AC24 /* Raleway-Regular.ttf in Resources */ = {isa = PBXBuildFile; fileRef = 3687987E1C2B2BA70088AC24 /* Raleway-Regular.ttf */; };
		368798981C2B34A60088AC24 /* DolphinCustomFontViewController.swift in Sources */ = {isa = PBXBuildFile; fileRef = 368798971C2B34A60088AC24 /* DolphinCustomFontViewController.swift */; };
		3687989B1C2B3E0D0088AC24 /* Utils.swift in Sources */ = {isa = PBXBuildFile; fileRef = 3687989A1C2B3E0D0088AC24 /* Utils.swift */; };
		3687989D1C2B482C0088AC24 /* CustomFontTableViewCell.swift in Sources */ = {isa = PBXBuildFile; fileRef = 3687989C1C2B482C0088AC24 /* CustomFontTableViewCell.swift */; };
		3687989F1C2B49990088AC24 /* CustomFontCollectionViewCell.swift in Sources */ = {isa = PBXBuildFile; fileRef = 3687989E1C2B49990088AC24 /* CustomFontCollectionViewCell.swift */; };
		3689ECD81C0E3F330087F828 /* DolphinViewController.swift in Sources */ = {isa = PBXBuildFile; fileRef = 3689ECD71C0E3F330087F828 /* DolphinViewController.swift */; };
		3689ECDA1C0E42A20087F828 /* PostActionsMenu.xib in Resources */ = {isa = PBXBuildFile; fileRef = 3689ECD91C0E42A20087F828 /* PostActionsMenu.xib */; };
		3689ECDE1C0E45B00087F828 /* PODPreviewTableViewCell.xib in Resources */ = {isa = PBXBuildFile; fileRef = 3689ECDD1C0E45B00087F828 /* PODPreviewTableViewCell.xib */; };
		3689ECE01C0E45D40087F828 /* PODPreviewTableViewCell.swift in Sources */ = {isa = PBXBuildFile; fileRef = 3689ECDF1C0E45D40087F828 /* PODPreviewTableViewCell.swift */; };
		3689ECE21C0E58CE0087F828 /* PODsListViewController.swift in Sources */ = {isa = PBXBuildFile; fileRef = 3689ECE11C0E58CE0087F828 /* PODsListViewController.swift */; };
		3689ECE41C0E58EF0087F828 /* PODsListViewController.xib in Resources */ = {isa = PBXBuildFile; fileRef = 3689ECE31C0E58EF0087F828 /* PODsListViewController.xib */; };
		3689ECE61C0E62E40087F828 /* POD.swift in Sources */ = {isa = PBXBuildFile; fileRef = 3689ECE51C0E62E40087F828 /* POD.swift */; };
		369382AF1C3191470005FCB0 /* FBSDKCoreKit.framework in Frameworks */ = {isa = PBXBuildFile; fileRef = 369382AE1C3191470005FCB0 /* FBSDKCoreKit.framework */; };
		369382B11C3195D50005FCB0 /* FBSDKLoginKit.framework in Frameworks */ = {isa = PBXBuildFile; fileRef = 369382B01C3195D50005FCB0 /* FBSDKLoginKit.framework */; };
		369382B41C31B1FF0005FCB0 /* FacebookFriend.swift in Sources */ = {isa = PBXBuildFile; fileRef = 369382B31C31B1FF0005FCB0 /* FacebookFriend.swift */; };
		369382B71C31B7FE0005FCB0 /* FriendToInviteTableViewCell.swift in Sources */ = {isa = PBXBuildFile; fileRef = 369382B61C31B7FE0005FCB0 /* FriendToInviteTableViewCell.swift */; };
		369382B91C31B8370005FCB0 /* FriendToInviteTableViewCell.xib in Resources */ = {isa = PBXBuildFile; fileRef = 369382B81C31B8370005FCB0 /* FriendToInviteTableViewCell.xib */; };
		36B1F41A1C0FA7780091A1B3 /* PopularPODsTableViewCell.swift in Sources */ = {isa = PBXBuildFile; fileRef = 36B1F4191C0FA7780091A1B3 /* PopularPODsTableViewCell.swift */; };
		36B1F41C1C0FA7910091A1B3 /* PopularPODsTableViewCell.xib in Resources */ = {isa = PBXBuildFile; fileRef = 36B1F41B1C0FA7910091A1B3 /* PopularPODsTableViewCell.xib */; };
		36B1F41E1C0FA9720091A1B3 /* PODCollectionViewCell.swift in Sources */ = {isa = PBXBuildFile; fileRef = 36B1F41D1C0FA9720091A1B3 /* PODCollectionViewCell.swift */; };
		36B1F4201C0FA97D0091A1B3 /* PODCollectionViewCell.xib in Resources */ = {isa = PBXBuildFile; fileRef = 36B1F41F1C0FA97D0091A1B3 /* PODCollectionViewCell.xib */; };
		36BE4CCC1C061524002E52D9 /* AppDelegate.swift in Sources */ = {isa = PBXBuildFile; fileRef = 36BE4CCB1C061524002E52D9 /* AppDelegate.swift */; };
		36BE4CD11C061524002E52D9 /* Main.storyboard in Resources */ = {isa = PBXBuildFile; fileRef = 36BE4CCF1C061524002E52D9 /* Main.storyboard */; };
		36BE4CD31C061524002E52D9 /* Assets.xcassets in Resources */ = {isa = PBXBuildFile; fileRef = 36BE4CD21C061524002E52D9 /* Assets.xcassets */; };
		36BE4CD61C061524002E52D9 /* LaunchScreen.storyboard in Resources */ = {isa = PBXBuildFile; fileRef = 36BE4CD41C061524002E52D9 /* LaunchScreen.storyboard */; };
		36BE4CE11C061524002E52D9 /* DolphinTests.swift in Sources */ = {isa = PBXBuildFile; fileRef = 36BE4CE01C061524002E52D9 /* DolphinTests.swift */; };
		36BE4CEC1C061524002E52D9 /* DolphinUITests.swift in Sources */ = {isa = PBXBuildFile; fileRef = 36BE4CEB1C061524002E52D9 /* DolphinUITests.swift */; };
		36BE4CFE1C061AFD002E52D9 /* SWRevealViewController.m in Sources */ = {isa = PBXBuildFile; fileRef = 36BE4CFD1C061AFD002E52D9 /* SWRevealViewController.m */; };
		36BE4D031C0620AD002E52D9 /* DolphinTabBarViewController.swift in Sources */ = {isa = PBXBuildFile; fileRef = 36BE4D021C0620AD002E52D9 /* DolphinTabBarViewController.swift */; };
		36BE4D061C06217D002E52D9 /* UIColor+DolphinAdditions.swift in Sources */ = {isa = PBXBuildFile; fileRef = 36BE4D051C06217D002E52D9 /* UIColor+DolphinAdditions.swift */; };
		36BE4D081C062404002E52D9 /* HomeViewController.swift in Sources */ = {isa = PBXBuildFile; fileRef = 36BE4D071C062404002E52D9 /* HomeViewController.swift */; };
		36BE4D0A1C06250B002E52D9 /* HomeViewController.xib in Resources */ = {isa = PBXBuildFile; fileRef = 36BE4D091C06250B002E52D9 /* HomeViewController.xib */; };
		36BE4D0C1C062668002E52D9 /* SidebarViewController.swift in Sources */ = {isa = PBXBuildFile; fileRef = 36BE4D0B1C062668002E52D9 /* SidebarViewController.swift */; };
		36BE4D0E1C062688002E52D9 /* SidebarViewController.xib in Resources */ = {isa = PBXBuildFile; fileRef = 36BE4D0D1C062688002E52D9 /* SidebarViewController.xib */; };
		36C5DAA01C35A05300DFF60F /* InstagramFriend.swift in Sources */ = {isa = PBXBuildFile; fileRef = 36C5DA9F1C35A05300DFF60F /* InstagramFriend.swift */; };
		36D0C6981C07A0F50002AE35 /* NewPostMenu.xib in Resources */ = {isa = PBXBuildFile; fileRef = 36D0C6971C07A0F50002AE35 /* NewPostMenu.xib */; };
		36D0C69C1C08AC5F0002AE35 /* PostTableViewCell.xib in Resources */ = {isa = PBXBuildFile; fileRef = 36D0C69B1C08AC5F0002AE35 /* PostTableViewCell.xib */; };
		36D0C69E1C08CFDE0002AE35 /* PostTableViewCell.swift in Sources */ = {isa = PBXBuildFile; fileRef = 36D0C69D1C08CFDE0002AE35 /* PostTableViewCell.swift */; };
		36D0C6A11C08D0990002AE35 /* Post.swift in Sources */ = {isa = PBXBuildFile; fileRef = 36D0C6A01C08D0990002AE35 /* Post.swift */; };
		36D0C6A41C08D0E40002AE35 /* User.swift in Sources */ = {isa = PBXBuildFile; fileRef = 36D0C6A31C08D0E40002AE35 /* User.swift */; };
		36D0C6A61C08E35F0002AE35 /* FeedViewController.swift in Sources */ = {isa = PBXBuildFile; fileRef = 36D0C6A51C08E35F0002AE35 /* FeedViewController.swift */; };
		36D0C6A81C08E3790002AE35 /* FeedViewController.xib in Resources */ = {isa = PBXBuildFile; fileRef = 36D0C6A71C08E3790002AE35 /* FeedViewController.xib */; };
		36D129081C2C39E6002E3F47 /* InviteFriendsViewController.swift in Sources */ = {isa = PBXBuildFile; fileRef = 36D129071C2C39E6002E3F47 /* InviteFriendsViewController.swift */; };
		36D1290A1C2C39FE002E3F47 /* InviteFriendsViewController.xib in Resources */ = {isa = PBXBuildFile; fileRef = 36D129091C2C39FE002E3F47 /* InviteFriendsViewController.xib */; };
		36D841151C31EDC500C3065C /* TwitterFriend.swift in Sources */ = {isa = PBXBuildFile; fileRef = 36D841141C31EDC500C3065C /* TwitterFriend.swift */; };
		36D841171C32C62500C3065C /* AddressBookContact.swift in Sources */ = {isa = PBXBuildFile; fileRef = 36D841161C32C62500C3065C /* AddressBookContact.swift */; };
		36E998221C24A936007FCF64 /* CreateImagePostFinishPostingViewController.swift in Sources */ = {isa = PBXBuildFile; fileRef = 36E998211C24A936007FCF64 /* CreateImagePostFinishPostingViewController.swift */; };
		36E998241C24A952007FCF64 /* CreateImagePostFinishPostingViewController.xib in Resources */ = {isa = PBXBuildFile; fileRef = 36E998231C24A952007FCF64 /* CreateImagePostFinishPostingViewController.xib */; };
		36E998261C24C3A5007FCF64 /* UIImage+ScaleAndCrop.swift in Sources */ = {isa = PBXBuildFile; fileRef = 36E998251C24C3A5007FCF64 /* UIImage+ScaleAndCrop.swift */; };
		36E998281C28C14A007FCF64 /* PostDetailsTopicsAndViewsTableViewCell.swift in Sources */ = {isa = PBXBuildFile; fileRef = 36E998271C28C14A007FCF64 /* PostDetailsTopicsAndViewsTableViewCell.swift */; };
		36E9982A1C28C154007FCF64 /* PostDetailsTopicsAndViewsTableViewCell.xib in Resources */ = {isa = PBXBuildFile; fileRef = 36E998291C28C154007FCF64 /* PostDetailsTopicsAndViewsTableViewCell.xib */; };
		890B04FF265D7EA4ECA25CE0 /* Pods_Dolphin.framework in Frameworks */ = {isa = PBXBuildFile; fileRef = 6AF46791E7E21EA397B769D9 /* Pods_Dolphin.framework */; };
/* End PBXBuildFile section */

/* Begin PBXContainerItemProxy section */
		36BE4CDD1C061524002E52D9 /* PBXContainerItemProxy */ = {
			isa = PBXContainerItemProxy;
			containerPortal = 36BE4CC01C061524002E52D9 /* Project object */;
			proxyType = 1;
			remoteGlobalIDString = 36BE4CC71C061524002E52D9;
			remoteInfo = Dolphin;
		};
		36BE4CE81C061524002E52D9 /* PBXContainerItemProxy */ = {
			isa = PBXContainerItemProxy;
			containerPortal = 36BE4CC01C061524002E52D9 /* Project object */;
			proxyType = 1;
			remoteGlobalIDString = 36BE4CC71C061524002E52D9;
			remoteInfo = Dolphin;
		};
/* End PBXContainerItemProxy section */

/* Begin PBXFileReference section */
		360993101C3F1B8F0082B995 /* hpple.framework */ = {isa = PBXFileReference; lastKnownFileType = wrapper.framework; name = hpple.framework; path = "Pods/../build/Debug-iphoneos/hpple.framework"; sourceTree = "<group>"; };
		360993121C4049530082B995 /* UIAppearance_Swift.h */ = {isa = PBXFileReference; fileEncoding = 4; lastKnownFileType = sourcecode.c.h; path = UIAppearance_Swift.h; sourceTree = "<group>"; };
		360993131C4049530082B995 /* UIAppearance_Swift.m */ = {isa = PBXFileReference; fileEncoding = 4; lastKnownFileType = sourcecode.c.objc; path = UIAppearance_Swift.m; sourceTree = "<group>"; };
		360EA4AE1C0F6D7300692668 /* TopicCollectionViewCell.swift */ = {isa = PBXFileReference; fileEncoding = 4; lastKnownFileType = sourcecode.swift; path = TopicCollectionViewCell.swift; sourceTree = "<group>"; };
		360EA4B01C0F6DC400692668 /* TopicCollectionViewCell.xib */ = {isa = PBXFileReference; fileEncoding = 4; lastKnownFileType = file.xib; path = TopicCollectionViewCell.xib; sourceTree = "<group>"; };
		360EA4B21C0F6F1400692668 /* PopularViewController.swift */ = {isa = PBXFileReference; fileEncoding = 4; lastKnownFileType = sourcecode.swift; path = PopularViewController.swift; sourceTree = "<group>"; };
		360EA4B41C0F6F3A00692668 /* PopularViewController.xib */ = {isa = PBXFileReference; fileEncoding = 4; lastKnownFileType = file.xib; path = PopularViewController.xib; sourceTree = "<group>"; };
		360EA4B71C0F70F800692668 /* PopularTrendingTopicsTableViewCell.swift */ = {isa = PBXFileReference; fileEncoding = 4; lastKnownFileType = sourcecode.swift; path = PopularTrendingTopicsTableViewCell.swift; sourceTree = "<group>"; };
		360EA4B91C0F710100692668 /* PopularTrendingTopicsTableViewCell.xib */ = {isa = PBXFileReference; fileEncoding = 4; lastKnownFileType = file.xib; path = PopularTrendingTopicsTableViewCell.xib; sourceTree = "<group>"; };
		3615B6FB1C19C5A4006BB8B4 /* CreateURLPostChooseImageViewController.swift */ = {isa = PBXFileReference; fileEncoding = 4; lastKnownFileType = sourcecode.swift; path = CreateURLPostChooseImageViewController.swift; sourceTree = "<group>"; };
		3615B6FD1C19C5BE006BB8B4 /* CreateURLPostChooseImageViewController.xib */ = {isa = PBXFileReference; fileEncoding = 4; lastKnownFileType = file.xib; path = CreateURLPostChooseImageViewController.xib; sourceTree = "<group>"; };
		3615B7001C19CADF006BB8B4 /* CreatePostChooseImageCollectionViewCell.swift */ = {isa = PBXFileReference; fileEncoding = 4; lastKnownFileType = sourcecode.swift; path = CreatePostChooseImageCollectionViewCell.swift; sourceTree = "<group>"; };
		3615B7021C19CAF6006BB8B4 /* CreatePostChooseImageCollectionViewCell.xib */ = {isa = PBXFileReference; fileEncoding = 4; lastKnownFileType = file.xib; path = CreatePostChooseImageCollectionViewCell.xib; sourceTree = "<group>"; };
		361FFE191C0CE8DE007EE366 /* TriangleView.swift */ = {isa = PBXFileReference; fileEncoding = 4; lastKnownFileType = sourcecode.swift; path = TriangleView.swift; sourceTree = "<group>"; };
		361FFE1B1C0CF36E007EE366 /* PostDetailsViewController.swift */ = {isa = PBXFileReference; fileEncoding = 4; lastKnownFileType = sourcecode.swift; path = PostDetailsViewController.swift; sourceTree = "<group>"; };
		361FFE1D1C0CF381007EE366 /* PostDetailsViewController.xib */ = {isa = PBXFileReference; fileEncoding = 4; lastKnownFileType = file.xib; path = PostDetailsViewController.xib; sourceTree = "<group>"; };
		361FFE1F1C0CFAB1007EE366 /* PostDetailHeaderTableViewCell.swift */ = {isa = PBXFileReference; fileEncoding = 4; lastKnownFileType = sourcecode.swift; path = PostDetailHeaderTableViewCell.swift; sourceTree = "<group>"; };
		361FFE211C0CFAD1007EE366 /* PostDetailHeaderTableViewCell.xib */ = {isa = PBXFileReference; fileEncoding = 4; lastKnownFileType = file.xib; path = PostDetailHeaderTableViewCell.xib; sourceTree = "<group>"; };
		361FFE231C0D0BA8007EE366 /* PostCommentOddTableViewCell.swift */ = {isa = PBXFileReference; fileEncoding = 4; lastKnownFileType = sourcecode.swift; path = PostCommentOddTableViewCell.swift; sourceTree = "<group>"; };
		361FFE251C0D0BBE007EE366 /* PostCommentOddTableViewCell.xib */ = {isa = PBXFileReference; fileEncoding = 4; lastKnownFileType = file.xib; path = PostCommentOddTableViewCell.xib; sourceTree = "<group>"; };
		361FFE271C0D0C46007EE366 /* PostComment.swift */ = {isa = PBXFileReference; fileEncoding = 4; lastKnownFileType = sourcecode.swift; path = PostComment.swift; sourceTree = "<group>"; };
		361FFE291C0D1792007EE366 /* PostCommentEvenTableViewCell.swift */ = {isa = PBXFileReference; fileEncoding = 4; lastKnownFileType = sourcecode.swift; path = PostCommentEvenTableViewCell.swift; sourceTree = "<group>"; };
		361FFE2B1C0D1803007EE366 /* PostCommentEvenTableViewCell.xib */ = {isa = PBXFileReference; fileEncoding = 4; lastKnownFileType = file.xib; path = PostCommentEvenTableViewCell.xib; sourceTree = "<group>"; };
		362D4BDB1C1F334800F065E5 /* CreateImagePostViewController.swift */ = {isa = PBXFileReference; fileEncoding = 4; lastKnownFileType = sourcecode.swift; path = CreateImagePostViewController.swift; sourceTree = "<group>"; };
		362D4BDD1C1F336100F065E5 /* CreateImagePostViewController.xib */ = {isa = PBXFileReference; fileEncoding = 4; lastKnownFileType = file.xib; path = CreateImagePostViewController.xib; sourceTree = "<group>"; };
		3636F9631C1EF79000999200 /* MyPODPreviewCollectionViewCell.swift */ = {isa = PBXFileReference; fileEncoding = 4; lastKnownFileType = sourcecode.swift; path = MyPODPreviewCollectionViewCell.swift; sourceTree = "<group>"; };
		3636F9651C1EF79C00999200 /* MyPODPreviewCollectionViewCell.xib */ = {isa = PBXFileReference; fileEncoding = 4; lastKnownFileType = file.xib; path = MyPODPreviewCollectionViewCell.xib; sourceTree = "<group>"; };
		3641405E1C110F770022D1BE /* PostCommentsViewController.swift */ = {isa = PBXFileReference; fileEncoding = 4; lastKnownFileType = sourcecode.swift; path = PostCommentsViewController.swift; sourceTree = "<group>"; };
		364140601C110F900022D1BE /* PostCommentsViewController.xib */ = {isa = PBXFileReference; fileEncoding = 4; lastKnownFileType = file.xib; path = PostCommentsViewController.xib; sourceTree = "<group>"; };
		364140641C173B810022D1BE /* CreateURLPostViewController.swift */ = {isa = PBXFileReference; fileEncoding = 4; lastKnownFileType = sourcecode.swift; path = CreateURLPostViewController.swift; sourceTree = "<group>"; };
		364140661C173B8D0022D1BE /* CreateURLPostViewController.xib */ = {isa = PBXFileReference; fileEncoding = 4; lastKnownFileType = file.xib; path = CreateURLPostViewController.xib; sourceTree = "<group>"; };
		367F613D1C3B2E40005E6076 /* Dolphin-Bridging-Header.h */ = {isa = PBXFileReference; lastKnownFileType = sourcecode.c.h; path = "Dolphin-Bridging-Header.h"; sourceTree = "<group>"; };
		368798621C29BA190088AC24 /* NetworkController.swift */ = {isa = PBXFileReference; fileEncoding = 4; lastKnownFileType = sourcecode.swift; path = NetworkController.swift; sourceTree = "<group>"; };
		368798651C29E1260088AC24 /* LoginViewController.swift */ = {isa = PBXFileReference; fileEncoding = 4; lastKnownFileType = sourcecode.swift; path = LoginViewController.swift; sourceTree = "<group>"; };
		368798671C29E13C0088AC24 /* LoginViewController.xib */ = {isa = PBXFileReference; fileEncoding = 4; lastKnownFileType = file.xib; path = LoginViewController.xib; sourceTree = "<group>"; };
		368798731C2B2BA70088AC24 /* Raleway-Bold.ttf */ = {isa = PBXFileReference; lastKnownFileType = file; path = "Raleway-Bold.ttf"; sourceTree = "<group>"; };
		3687987E1C2B2BA70088AC24 /* Raleway-Regular.ttf */ = {isa = PBXFileReference; lastKnownFileType = file; path = "Raleway-Regular.ttf"; sourceTree = "<group>"; };
		368798971C2B34A60088AC24 /* DolphinCustomFontViewController.swift */ = {isa = PBXFileReference; fileEncoding = 4; lastKnownFileType = sourcecode.swift; path = DolphinCustomFontViewController.swift; sourceTree = "<group>"; };
		3687989A1C2B3E0D0088AC24 /* Utils.swift */ = {isa = PBXFileReference; fileEncoding = 4; lastKnownFileType = sourcecode.swift; path = Utils.swift; sourceTree = "<group>"; };
		3687989C1C2B482C0088AC24 /* CustomFontTableViewCell.swift */ = {isa = PBXFileReference; fileEncoding = 4; lastKnownFileType = sourcecode.swift; path = CustomFontTableViewCell.swift; sourceTree = "<group>"; };
		3687989E1C2B49990088AC24 /* CustomFontCollectionViewCell.swift */ = {isa = PBXFileReference; fileEncoding = 4; lastKnownFileType = sourcecode.swift; path = CustomFontCollectionViewCell.swift; sourceTree = "<group>"; };
		3689ECD71C0E3F330087F828 /* DolphinViewController.swift */ = {isa = PBXFileReference; fileEncoding = 4; lastKnownFileType = sourcecode.swift; path = DolphinViewController.swift; sourceTree = "<group>"; };
		3689ECD91C0E42A20087F828 /* PostActionsMenu.xib */ = {isa = PBXFileReference; fileEncoding = 4; lastKnownFileType = file.xib; path = PostActionsMenu.xib; sourceTree = "<group>"; };
		3689ECDD1C0E45B00087F828 /* PODPreviewTableViewCell.xib */ = {isa = PBXFileReference; fileEncoding = 4; lastKnownFileType = file.xib; path = PODPreviewTableViewCell.xib; sourceTree = "<group>"; };
		3689ECDF1C0E45D40087F828 /* PODPreviewTableViewCell.swift */ = {isa = PBXFileReference; fileEncoding = 4; lastKnownFileType = sourcecode.swift; path = PODPreviewTableViewCell.swift; sourceTree = "<group>"; };
		3689ECE11C0E58CE0087F828 /* PODsListViewController.swift */ = {isa = PBXFileReference; fileEncoding = 4; lastKnownFileType = sourcecode.swift; path = PODsListViewController.swift; sourceTree = "<group>"; };
		3689ECE31C0E58EF0087F828 /* PODsListViewController.xib */ = {isa = PBXFileReference; fileEncoding = 4; lastKnownFileType = file.xib; path = PODsListViewController.xib; sourceTree = "<group>"; };
		3689ECE51C0E62E40087F828 /* POD.swift */ = {isa = PBXFileReference; fileEncoding = 4; lastKnownFileType = sourcecode.swift; path = POD.swift; sourceTree = "<group>"; };
		369382AE1C3191470005FCB0 /* FBSDKCoreKit.framework */ = {isa = PBXFileReference; lastKnownFileType = wrapper.framework; name = FBSDKCoreKit.framework; path = ../../../../../Documents/FacebookSDK/FBSDKCoreKit.framework; sourceTree = "<group>"; };
		369382B01C3195D50005FCB0 /* FBSDKLoginKit.framework */ = {isa = PBXFileReference; lastKnownFileType = wrapper.framework; name = FBSDKLoginKit.framework; path = ../../../../../Documents/FacebookSDK/FBSDKLoginKit.framework; sourceTree = "<group>"; };
		369382B31C31B1FF0005FCB0 /* FacebookFriend.swift */ = {isa = PBXFileReference; fileEncoding = 4; lastKnownFileType = sourcecode.swift; path = FacebookFriend.swift; sourceTree = "<group>"; };
		369382B61C31B7FE0005FCB0 /* FriendToInviteTableViewCell.swift */ = {isa = PBXFileReference; fileEncoding = 4; lastKnownFileType = sourcecode.swift; path = FriendToInviteTableViewCell.swift; sourceTree = "<group>"; };
		369382B81C31B8370005FCB0 /* FriendToInviteTableViewCell.xib */ = {isa = PBXFileReference; fileEncoding = 4; lastKnownFileType = file.xib; path = FriendToInviteTableViewCell.xib; sourceTree = "<group>"; };
		36B1F4191C0FA7780091A1B3 /* PopularPODsTableViewCell.swift */ = {isa = PBXFileReference; fileEncoding = 4; lastKnownFileType = sourcecode.swift; path = PopularPODsTableViewCell.swift; sourceTree = "<group>"; };
		36B1F41B1C0FA7910091A1B3 /* PopularPODsTableViewCell.xib */ = {isa = PBXFileReference; fileEncoding = 4; lastKnownFileType = file.xib; path = PopularPODsTableViewCell.xib; sourceTree = "<group>"; };
		36B1F41D1C0FA9720091A1B3 /* PODCollectionViewCell.swift */ = {isa = PBXFileReference; fileEncoding = 4; lastKnownFileType = sourcecode.swift; path = PODCollectionViewCell.swift; sourceTree = "<group>"; };
		36B1F41F1C0FA97D0091A1B3 /* PODCollectionViewCell.xib */ = {isa = PBXFileReference; fileEncoding = 4; lastKnownFileType = file.xib; path = PODCollectionViewCell.xib; sourceTree = "<group>"; };
		36BE4CC81C061524002E52D9 /* Dolphin.app */ = {isa = PBXFileReference; explicitFileType = wrapper.application; includeInIndex = 0; path = Dolphin.app; sourceTree = BUILT_PRODUCTS_DIR; };
		36BE4CCB1C061524002E52D9 /* AppDelegate.swift */ = {isa = PBXFileReference; lastKnownFileType = sourcecode.swift; path = AppDelegate.swift; sourceTree = "<group>"; };
		36BE4CD01C061524002E52D9 /* Base */ = {isa = PBXFileReference; lastKnownFileType = file.storyboard; name = Base; path = Base.lproj/Main.storyboard; sourceTree = "<group>"; };
		36BE4CD21C061524002E52D9 /* Assets.xcassets */ = {isa = PBXFileReference; lastKnownFileType = folder.assetcatalog; path = Assets.xcassets; sourceTree = "<group>"; };
		36BE4CD51C061524002E52D9 /* Base */ = {isa = PBXFileReference; lastKnownFileType = file.storyboard; name = Base; path = Base.lproj/LaunchScreen.storyboard; sourceTree = "<group>"; };
		36BE4CD71C061524002E52D9 /* Info.plist */ = {isa = PBXFileReference; lastKnownFileType = text.plist.xml; path = Info.plist; sourceTree = "<group>"; };
		36BE4CDC1C061524002E52D9 /* DolphinTests.xctest */ = {isa = PBXFileReference; explicitFileType = wrapper.cfbundle; includeInIndex = 0; path = DolphinTests.xctest; sourceTree = BUILT_PRODUCTS_DIR; };
		36BE4CE01C061524002E52D9 /* DolphinTests.swift */ = {isa = PBXFileReference; lastKnownFileType = sourcecode.swift; path = DolphinTests.swift; sourceTree = "<group>"; };
		36BE4CE21C061524002E52D9 /* Info.plist */ = {isa = PBXFileReference; lastKnownFileType = text.plist.xml; path = Info.plist; sourceTree = "<group>"; };
		36BE4CE71C061524002E52D9 /* DolphinUITests.xctest */ = {isa = PBXFileReference; explicitFileType = wrapper.cfbundle; includeInIndex = 0; path = DolphinUITests.xctest; sourceTree = BUILT_PRODUCTS_DIR; };
		36BE4CEB1C061524002E52D9 /* DolphinUITests.swift */ = {isa = PBXFileReference; lastKnownFileType = sourcecode.swift; path = DolphinUITests.swift; sourceTree = "<group>"; };
		36BE4CED1C061524002E52D9 /* Info.plist */ = {isa = PBXFileReference; lastKnownFileType = text.plist.xml; path = Info.plist; sourceTree = "<group>"; };
		36BE4CFC1C061AFD002E52D9 /* SWRevealViewController.h */ = {isa = PBXFileReference; fileEncoding = 4; lastKnownFileType = sourcecode.c.h; path = SWRevealViewController.h; sourceTree = "<group>"; };
		36BE4CFD1C061AFD002E52D9 /* SWRevealViewController.m */ = {isa = PBXFileReference; fileEncoding = 4; lastKnownFileType = sourcecode.c.objc; path = SWRevealViewController.m; sourceTree = "<group>"; };
		36BE4D021C0620AD002E52D9 /* DolphinTabBarViewController.swift */ = {isa = PBXFileReference; fileEncoding = 4; lastKnownFileType = sourcecode.swift; path = DolphinTabBarViewController.swift; sourceTree = "<group>"; };
		36BE4D051C06217D002E52D9 /* UIColor+DolphinAdditions.swift */ = {isa = PBXFileReference; fileEncoding = 4; lastKnownFileType = sourcecode.swift; path = "UIColor+DolphinAdditions.swift"; sourceTree = "<group>"; };
		36BE4D071C062404002E52D9 /* HomeViewController.swift */ = {isa = PBXFileReference; fileEncoding = 4; lastKnownFileType = sourcecode.swift; path = HomeViewController.swift; sourceTree = "<group>"; };
		36BE4D091C06250B002E52D9 /* HomeViewController.xib */ = {isa = PBXFileReference; fileEncoding = 4; lastKnownFileType = file.xib; path = HomeViewController.xib; sourceTree = "<group>"; };
		36BE4D0B1C062668002E52D9 /* SidebarViewController.swift */ = {isa = PBXFileReference; fileEncoding = 4; lastKnownFileType = sourcecode.swift; path = SidebarViewController.swift; sourceTree = "<group>"; };
		36BE4D0D1C062688002E52D9 /* SidebarViewController.xib */ = {isa = PBXFileReference; fileEncoding = 4; lastKnownFileType = file.xib; path = SidebarViewController.xib; sourceTree = "<group>"; };
		36C5DA9F1C35A05300DFF60F /* InstagramFriend.swift */ = {isa = PBXFileReference; fileEncoding = 4; lastKnownFileType = sourcecode.swift; path = InstagramFriend.swift; sourceTree = "<group>"; };
		36D0C6971C07A0F50002AE35 /* NewPostMenu.xib */ = {isa = PBXFileReference; fileEncoding = 4; lastKnownFileType = file.xib; path = NewPostMenu.xib; sourceTree = "<group>"; };
		36D0C69B1C08AC5F0002AE35 /* PostTableViewCell.xib */ = {isa = PBXFileReference; fileEncoding = 4; lastKnownFileType = file.xib; path = PostTableViewCell.xib; sourceTree = "<group>"; };
		36D0C69D1C08CFDE0002AE35 /* PostTableViewCell.swift */ = {isa = PBXFileReference; fileEncoding = 4; lastKnownFileType = sourcecode.swift; path = PostTableViewCell.swift; sourceTree = "<group>"; };
		36D0C6A01C08D0990002AE35 /* Post.swift */ = {isa = PBXFileReference; fileEncoding = 4; lastKnownFileType = sourcecode.swift; path = Post.swift; sourceTree = "<group>"; };
		36D0C6A31C08D0E40002AE35 /* User.swift */ = {isa = PBXFileReference; fileEncoding = 4; lastKnownFileType = sourcecode.swift; path = User.swift; sourceTree = "<group>"; };
		36D0C6A51C08E35F0002AE35 /* FeedViewController.swift */ = {isa = PBXFileReference; fileEncoding = 4; lastKnownFileType = sourcecode.swift; path = FeedViewController.swift; sourceTree = "<group>"; };
		36D0C6A71C08E3790002AE35 /* FeedViewController.xib */ = {isa = PBXFileReference; fileEncoding = 4; lastKnownFileType = file.xib; path = FeedViewController.xib; sourceTree = "<group>"; };
		36D129071C2C39E6002E3F47 /* InviteFriendsViewController.swift */ = {isa = PBXFileReference; fileEncoding = 4; lastKnownFileType = sourcecode.swift; path = InviteFriendsViewController.swift; sourceTree = "<group>"; };
		36D129091C2C39FE002E3F47 /* InviteFriendsViewController.xib */ = {isa = PBXFileReference; fileEncoding = 4; lastKnownFileType = file.xib; path = InviteFriendsViewController.xib; sourceTree = "<group>"; };
		36D841141C31EDC500C3065C /* TwitterFriend.swift */ = {isa = PBXFileReference; fileEncoding = 4; lastKnownFileType = sourcecode.swift; path = TwitterFriend.swift; sourceTree = "<group>"; };
		36D841161C32C62500C3065C /* AddressBookContact.swift */ = {isa = PBXFileReference; fileEncoding = 4; lastKnownFileType = sourcecode.swift; path = AddressBookContact.swift; sourceTree = "<group>"; };
		36E998211C24A936007FCF64 /* CreateImagePostFinishPostingViewController.swift */ = {isa = PBXFileReference; fileEncoding = 4; lastKnownFileType = sourcecode.swift; path = CreateImagePostFinishPostingViewController.swift; sourceTree = "<group>"; };
		36E998231C24A952007FCF64 /* CreateImagePostFinishPostingViewController.xib */ = {isa = PBXFileReference; fileEncoding = 4; lastKnownFileType = file.xib; path = CreateImagePostFinishPostingViewController.xib; sourceTree = "<group>"; };
		36E998251C24C3A5007FCF64 /* UIImage+ScaleAndCrop.swift */ = {isa = PBXFileReference; fileEncoding = 4; lastKnownFileType = sourcecode.swift; path = "UIImage+ScaleAndCrop.swift"; sourceTree = "<group>"; };
		36E998271C28C14A007FCF64 /* PostDetailsTopicsAndViewsTableViewCell.swift */ = {isa = PBXFileReference; fileEncoding = 4; lastKnownFileType = sourcecode.swift; path = PostDetailsTopicsAndViewsTableViewCell.swift; sourceTree = "<group>"; };
		36E998291C28C154007FCF64 /* PostDetailsTopicsAndViewsTableViewCell.xib */ = {isa = PBXFileReference; fileEncoding = 4; lastKnownFileType = file.xib; path = PostDetailsTopicsAndViewsTableViewCell.xib; sourceTree = "<group>"; };
		6AF46791E7E21EA397B769D9 /* Pods_Dolphin.framework */ = {isa = PBXFileReference; explicitFileType = wrapper.framework; includeInIndex = 0; path = Pods_Dolphin.framework; sourceTree = BUILT_PRODUCTS_DIR; };
		AD9E99804B93529D712BC626 /* Pods-Dolphin.debug.xcconfig */ = {isa = PBXFileReference; includeInIndex = 1; lastKnownFileType = text.xcconfig; name = "Pods-Dolphin.debug.xcconfig"; path = "Pods/Target Support Files/Pods-Dolphin/Pods-Dolphin.debug.xcconfig"; sourceTree = "<group>"; };
		DCFBF776029220B30C3A087B /* Pods-Dolphin.release.xcconfig */ = {isa = PBXFileReference; includeInIndex = 1; lastKnownFileType = text.xcconfig; name = "Pods-Dolphin.release.xcconfig"; path = "Pods/Target Support Files/Pods-Dolphin/Pods-Dolphin.release.xcconfig"; sourceTree = "<group>"; };
/* End PBXFileReference section */

/* Begin PBXFrameworksBuildPhase section */
		36BE4CC51C061524002E52D9 /* Frameworks */ = {
			isa = PBXFrameworksBuildPhase;
			buildActionMask = 2147483647;
			files = (
				360993111C3F1B8F0082B995 /* hpple.framework in Frameworks */,
				369382AF1C3191470005FCB0 /* FBSDKCoreKit.framework in Frameworks */,
				369382B11C3195D50005FCB0 /* FBSDKLoginKit.framework in Frameworks */,
				890B04FF265D7EA4ECA25CE0 /* Pods_Dolphin.framework in Frameworks */,
			);
			runOnlyForDeploymentPostprocessing = 0;
		};
		36BE4CD91C061524002E52D9 /* Frameworks */ = {
			isa = PBXFrameworksBuildPhase;
			buildActionMask = 2147483647;
			files = (
			);
			runOnlyForDeploymentPostprocessing = 0;
		};
		36BE4CE41C061524002E52D9 /* Frameworks */ = {
			isa = PBXFrameworksBuildPhase;
			buildActionMask = 2147483647;
			files = (
			);
			runOnlyForDeploymentPostprocessing = 0;
		};
/* End PBXFrameworksBuildPhase section */

/* Begin PBXGroup section */
		3615B6FF1C19CAC7006BB8B4 /* CreatePost */ = {
			isa = PBXGroup;
			children = (
				3615B7001C19CADF006BB8B4 /* CreatePostChooseImageCollectionViewCell.swift */,
				3615B7021C19CAF6006BB8B4 /* CreatePostChooseImageCollectionViewCell.xib */,
			);
			name = CreatePost;
			sourceTree = "<group>";
		};
		361FFE181C0CE8AA007EE366 /* Aux Views */ = {
			isa = PBXGroup;
			children = (
				361FFE191C0CE8DE007EE366 /* TriangleView.swift */,
			);
			name = "Aux Views";
			sourceTree = "<group>";
		};
		368798611C29BA000088AC24 /* Controllers */ = {
			isa = PBXGroup;
			children = (
				368798621C29BA190088AC24 /* NetworkController.swift */,
			);
			name = Controllers;
			sourceTree = "<group>";
		};
		368798641C29D7BF0088AC24 /* Login */ = {
			isa = PBXGroup;
			children = (
				368798651C29E1260088AC24 /* LoginViewController.swift */,
				368798671C29E13C0088AC24 /* LoginViewController.xib */,
			);
			name = Login;
			sourceTree = "<group>";
		};
		3687986E1C2B2B840088AC24 /* Supporting Files */ = {
			isa = PBXGroup;
			children = (
				3687986F1C2B2B940088AC24 /* Fonts */,
				36BE4CD71C061524002E52D9 /* Info.plist */,
			);
			name = "Supporting Files";
			path = Dolphin;
			sourceTree = "<group>";
		};
		3687986F1C2B2B940088AC24 /* Fonts */ = {
			isa = PBXGroup;
			children = (
				368798701C2B2B990088AC24 /* Raleway */,
			);
			name = Fonts;
			sourceTree = "<group>";
		};
		368798701C2B2B990088AC24 /* Raleway */ = {
			isa = PBXGroup;
			children = (
				368798731C2B2BA70088AC24 /* Raleway-Bold.ttf */,
				3687987E1C2B2BA70088AC24 /* Raleway-Regular.ttf */,
			);
			name = Raleway;
			sourceTree = "<group>";
		};
		368798991C2B3E030088AC24 /* Utils */ = {
			isa = PBXGroup;
			children = (
				3687989A1C2B3E0D0088AC24 /* Utils.swift */,
			);
			name = Utils;
			sourceTree = "<group>";
		};
		3689ECDB1C0E45760087F828 /* Home */ = {
			isa = PBXGroup;
			children = (
				36D0C69D1C08CFDE0002AE35 /* PostTableViewCell.swift */,
				36D0C69B1C08AC5F0002AE35 /* PostTableViewCell.xib */,
				3689ECDF1C0E45D40087F828 /* PODPreviewTableViewCell.swift */,
				3689ECDD1C0E45B00087F828 /* PODPreviewTableViewCell.xib */,
				360EA4AE1C0F6D7300692668 /* TopicCollectionViewCell.swift */,
				360EA4B01C0F6DC400692668 /* TopicCollectionViewCell.xib */,
				360EA4B71C0F70F800692668 /* PopularTrendingTopicsTableViewCell.swift */,
				360EA4B91C0F710100692668 /* PopularTrendingTopicsTableViewCell.xib */,
				36B1F4191C0FA7780091A1B3 /* PopularPODsTableViewCell.swift */,
				36B1F41B1C0FA7910091A1B3 /* PopularPODsTableViewCell.xib */,
				36B1F41D1C0FA9720091A1B3 /* PODCollectionViewCell.swift */,
				36B1F41F1C0FA97D0091A1B3 /* PODCollectionViewCell.xib */,
				3636F9631C1EF79000999200 /* MyPODPreviewCollectionViewCell.swift */,
				3636F9651C1EF79C00999200 /* MyPODPreviewCollectionViewCell.xib */,
			);
			name = Home;
			sourceTree = "<group>";
		};
		3689ECDC1C0E45800087F828 /* Post Details */ = {
			isa = PBXGroup;
			children = (
				361FFE1F1C0CFAB1007EE366 /* PostDetailHeaderTableViewCell.swift */,
				361FFE211C0CFAD1007EE366 /* PostDetailHeaderTableViewCell.xib */,
				361FFE231C0D0BA8007EE366 /* PostCommentOddTableViewCell.swift */,
				361FFE251C0D0BBE007EE366 /* PostCommentOddTableViewCell.xib */,
				361FFE291C0D1792007EE366 /* PostCommentEvenTableViewCell.swift */,
				361FFE2B1C0D1803007EE366 /* PostCommentEvenTableViewCell.xib */,
				36E998271C28C14A007FCF64 /* PostDetailsTopicsAndViewsTableViewCell.swift */,
				36E998291C28C154007FCF64 /* PostDetailsTopicsAndViewsTableViewCell.xib */,
			);
			name = "Post Details";
			sourceTree = "<group>";
		};
		369382AD1C3191320005FCB0 /* Facebook */ = {
			isa = PBXGroup;
			children = (
				369382B01C3195D50005FCB0 /* FBSDKLoginKit.framework */,
				369382AE1C3191470005FCB0 /* FBSDKCoreKit.framework */,
			);
			name = Facebook;
			sourceTree = "<group>";
		};
		369382B21C31B1EC0005FCB0 /* Invite Friends */ = {
			isa = PBXGroup;
			children = (
				369382B31C31B1FF0005FCB0 /* FacebookFriend.swift */,
				36D841141C31EDC500C3065C /* TwitterFriend.swift */,
				36D841161C32C62500C3065C /* AddressBookContact.swift */,
				36C5DA9F1C35A05300DFF60F /* InstagramFriend.swift */,
			);
			name = "Invite Friends";
			sourceTree = "<group>";
		};
		369382B51C31B7DF0005FCB0 /* Invite Friends */ = {
			isa = PBXGroup;
			children = (
				369382B61C31B7FE0005FCB0 /* FriendToInviteTableViewCell.swift */,
				369382B81C31B8370005FCB0 /* FriendToInviteTableViewCell.xib */,
			);
			name = "Invite Friends";
			sourceTree = "<group>";
		};
		36BE4CBF1C061524002E52D9 = {
			isa = PBXGroup;
			children = (
				367F613D1C3B2E40005E6076 /* Dolphin-Bridging-Header.h */,
				36BE4CCA1C061524002E52D9 /* Dolphin */,
				3687986E1C2B2B840088AC24 /* Supporting Files */,
				36BE4CDF1C061524002E52D9 /* DolphinTests */,
				36BE4CEA1C061524002E52D9 /* DolphinUITests */,
				36BE4CC91C061524002E52D9 /* Products */,
				76CE534351982B30E3F36B20 /* Pods */,
				975C8B82324EFCFC021B172B /* Frameworks */,
			);
			sourceTree = "<group>";
		};
		36BE4CC91C061524002E52D9 /* Products */ = {
			isa = PBXGroup;
			children = (
				36BE4CC81C061524002E52D9 /* Dolphin.app */,
				36BE4CDC1C061524002E52D9 /* DolphinTests.xctest */,
				36BE4CE71C061524002E52D9 /* DolphinUITests.xctest */,
			);
			name = Products;
			sourceTree = "<group>";
		};
		36BE4CCA1C061524002E52D9 /* Dolphin */ = {
			isa = PBXGroup;
			children = (
				368798991C2B3E030088AC24 /* Utils */,
				368798611C29BA000088AC24 /* Controllers */,
				36D0C69F1C08D08A0002AE35 /* Model */,
				36D0C69A1C08AC420002AE35 /* Cells */,
				36D0C6961C07A0DF0002AE35 /* Views */,
				36BE4D041C062162002E52D9 /* Extensions */,
				36BE4D011C062095002E52D9 /* ViewControllers */,
				36BE4CF91C061AE1002E52D9 /* Third Party */,
				36BE4CCB1C061524002E52D9 /* AppDelegate.swift */,
				36BE4CCF1C061524002E52D9 /* Main.storyboard */,
				36BE4CD21C061524002E52D9 /* Assets.xcassets */,
				36BE4CD41C061524002E52D9 /* LaunchScreen.storyboard */,
			);
			path = Dolphin;
			sourceTree = "<group>";
		};
		36BE4CDF1C061524002E52D9 /* DolphinTests */ = {
			isa = PBXGroup;
			children = (
				36BE4CE01C061524002E52D9 /* DolphinTests.swift */,
				36BE4CE21C061524002E52D9 /* Info.plist */,
			);
			path = DolphinTests;
			sourceTree = "<group>";
		};
		36BE4CEA1C061524002E52D9 /* DolphinUITests */ = {
			isa = PBXGroup;
			children = (
				36BE4CEB1C061524002E52D9 /* DolphinUITests.swift */,
				36BE4CED1C061524002E52D9 /* Info.plist */,
			);
			path = DolphinUITests;
			sourceTree = "<group>";
		};
		36BE4CF91C061AE1002E52D9 /* Third Party */ = {
			isa = PBXGroup;
			children = (
				369382AD1C3191320005FCB0 /* Facebook */,
				36BE4CFA1C061AEC002E52D9 /* SWRevealViewController */,
			);
			name = "Third Party";
			sourceTree = "<group>";
		};
		36BE4CFA1C061AEC002E52D9 /* SWRevealViewController */ = {
			isa = PBXGroup;
			children = (
				36BE4CFC1C061AFD002E52D9 /* SWRevealViewController.h */,
				36BE4CFD1C061AFD002E52D9 /* SWRevealViewController.m */,
			);
			name = SWRevealViewController;
			sourceTree = "<group>";
		};
		36BE4D011C062095002E52D9 /* ViewControllers */ = {
			isa = PBXGroup;
			children = (
				368798641C29D7BF0088AC24 /* Login */,
				3689ECD71C0E3F330087F828 /* DolphinViewController.swift */,
				368798971C2B34A60088AC24 /* DolphinCustomFontViewController.swift */,
				36BE4D021C0620AD002E52D9 /* DolphinTabBarViewController.swift */,
				36BE4D071C062404002E52D9 /* HomeViewController.swift */,
				36BE4D091C06250B002E52D9 /* HomeViewController.xib */,
				36BE4D0B1C062668002E52D9 /* SidebarViewController.swift */,
				36BE4D0D1C062688002E52D9 /* SidebarViewController.xib */,
				36D0C6A51C08E35F0002AE35 /* FeedViewController.swift */,
				36D0C6A71C08E3790002AE35 /* FeedViewController.xib */,
				361FFE1B1C0CF36E007EE366 /* PostDetailsViewController.swift */,
				361FFE1D1C0CF381007EE366 /* PostDetailsViewController.xib */,
				3689ECE11C0E58CE0087F828 /* PODsListViewController.swift */,
				3689ECE31C0E58EF0087F828 /* PODsListViewController.xib */,
				360EA4B21C0F6F1400692668 /* PopularViewController.swift */,
				360EA4B41C0F6F3A00692668 /* PopularViewController.xib */,
				3641405E1C110F770022D1BE /* PostCommentsViewController.swift */,
				364140601C110F900022D1BE /* PostCommentsViewController.xib */,
				364140641C173B810022D1BE /* CreateURLPostViewController.swift */,
				364140661C173B8D0022D1BE /* CreateURLPostViewController.xib */,
				3615B6FB1C19C5A4006BB8B4 /* CreateURLPostChooseImageViewController.swift */,
				3615B6FD1C19C5BE006BB8B4 /* CreateURLPostChooseImageViewController.xib */,
				362D4BDB1C1F334800F065E5 /* CreateImagePostViewController.swift */,
				362D4BDD1C1F336100F065E5 /* CreateImagePostViewController.xib */,
				36E998211C24A936007FCF64 /* CreateImagePostFinishPostingViewController.swift */,
				36E998231C24A952007FCF64 /* CreateImagePostFinishPostingViewController.xib */,
				36D129071C2C39E6002E3F47 /* InviteFriendsViewController.swift */,
				36D129091C2C39FE002E3F47 /* InviteFriendsViewController.xib */,
			);
			name = ViewControllers;
			sourceTree = "<group>";
		};
		36BE4D041C062162002E52D9 /* Extensions */ = {
			isa = PBXGroup;
			children = (
				360993121C4049530082B995 /* UIAppearance_Swift.h */,
				360993131C4049530082B995 /* UIAppearance_Swift.m */,
				36BE4D051C06217D002E52D9 /* UIColor+DolphinAdditions.swift */,
				36E998251C24C3A5007FCF64 /* UIImage+ScaleAndCrop.swift */,
			);
			name = Extensions;
			sourceTree = "<group>";
		};
		36D0C6961C07A0DF0002AE35 /* Views */ = {
			isa = PBXGroup;
			children = (
				36D0C6971C07A0F50002AE35 /* NewPostMenu.xib */,
				3689ECD91C0E42A20087F828 /* PostActionsMenu.xib */,
			);
			name = Views;
			sourceTree = "<group>";
		};
		36D0C69A1C08AC420002AE35 /* Cells */ = {
			isa = PBXGroup;
			children = (
				369382B51C31B7DF0005FCB0 /* Invite Friends */,
				3615B6FF1C19CAC7006BB8B4 /* CreatePost */,
				3689ECDB1C0E45760087F828 /* Home */,
				3689ECDC1C0E45800087F828 /* Post Details */,
				361FFE181C0CE8AA007EE366 /* Aux Views */,
				3687989C1C2B482C0088AC24 /* CustomFontTableViewCell.swift */,
				3687989E1C2B49990088AC24 /* CustomFontCollectionViewCell.swift */,
			);
			name = Cells;
			sourceTree = "<group>";
		};
		36D0C69F1C08D08A0002AE35 /* Model */ = {
			isa = PBXGroup;
			children = (
				369382B21C31B1EC0005FCB0 /* Invite Friends */,
				36D0C6A01C08D0990002AE35 /* Post.swift */,
				36D0C6A31C08D0E40002AE35 /* User.swift */,
				361FFE271C0D0C46007EE366 /* PostComment.swift */,
				3689ECE51C0E62E40087F828 /* POD.swift */,
			);
			name = Model;
			sourceTree = "<group>";
		};
		76CE534351982B30E3F36B20 /* Pods */ = {
			isa = PBXGroup;
			children = (
				AD9E99804B93529D712BC626 /* Pods-Dolphin.debug.xcconfig */,
				DCFBF776029220B30C3A087B /* Pods-Dolphin.release.xcconfig */,
			);
			name = Pods;
			sourceTree = "<group>";
		};
		975C8B82324EFCFC021B172B /* Frameworks */ = {
			isa = PBXGroup;
			children = (
				360993101C3F1B8F0082B995 /* hpple.framework */,
				6AF46791E7E21EA397B769D9 /* Pods_Dolphin.framework */,
			);
			name = Frameworks;
			sourceTree = "<group>";
		};
/* End PBXGroup section */

/* Begin PBXNativeTarget section */
		36BE4CC71C061524002E52D9 /* Dolphin */ = {
			isa = PBXNativeTarget;
			buildConfigurationList = 36BE4CF01C061524002E52D9 /* Build configuration list for PBXNativeTarget "Dolphin" */;
			buildPhases = (
				D3B12836245161532F883E61 /* Check Pods Manifest.lock */,
				36BE4CC41C061524002E52D9 /* Sources */,
				36BE4CC51C061524002E52D9 /* Frameworks */,
				36BE4CC61C061524002E52D9 /* Resources */,
				8429ED26D7E650E9622DBD26 /* Embed Pods Frameworks */,
				408C28626474BB053E682E5E /* Copy Pods Resources */,
				3689ECD61C0E32CD0087F828 /* ShellScript */,
			);
			buildRules = (
			);
			dependencies = (
			);
			name = Dolphin;
			productName = Dolphin;
			productReference = 36BE4CC81C061524002E52D9 /* Dolphin.app */;
			productType = "com.apple.product-type.application";
		};
		36BE4CDB1C061524002E52D9 /* DolphinTests */ = {
			isa = PBXNativeTarget;
			buildConfigurationList = 36BE4CF31C061524002E52D9 /* Build configuration list for PBXNativeTarget "DolphinTests" */;
			buildPhases = (
				36BE4CD81C061524002E52D9 /* Sources */,
				36BE4CD91C061524002E52D9 /* Frameworks */,
				36BE4CDA1C061524002E52D9 /* Resources */,
			);
			buildRules = (
			);
			dependencies = (
				36BE4CDE1C061524002E52D9 /* PBXTargetDependency */,
			);
			name = DolphinTests;
			productName = DolphinTests;
			productReference = 36BE4CDC1C061524002E52D9 /* DolphinTests.xctest */;
			productType = "com.apple.product-type.bundle.unit-test";
		};
		36BE4CE61C061524002E52D9 /* DolphinUITests */ = {
			isa = PBXNativeTarget;
			buildConfigurationList = 36BE4CF61C061524002E52D9 /* Build configuration list for PBXNativeTarget "DolphinUITests" */;
			buildPhases = (
				36BE4CE31C061524002E52D9 /* Sources */,
				36BE4CE41C061524002E52D9 /* Frameworks */,
				36BE4CE51C061524002E52D9 /* Resources */,
			);
			buildRules = (
			);
			dependencies = (
				36BE4CE91C061524002E52D9 /* PBXTargetDependency */,
			);
			name = DolphinUITests;
			productName = DolphinUITests;
			productReference = 36BE4CE71C061524002E52D9 /* DolphinUITests.xctest */;
			productType = "com.apple.product-type.bundle.ui-testing";
		};
/* End PBXNativeTarget section */

/* Begin PBXProject section */
		36BE4CC01C061524002E52D9 /* Project object */ = {
			isa = PBXProject;
			attributes = {
				LastSwiftUpdateCheck = 0710;
				LastUpgradeCheck = 0710;
				ORGANIZATIONNAME = "Ninth Coast";
				TargetAttributes = {
					36BE4CC71C061524002E52D9 = {
						CreatedOnToolsVersion = 7.1.1;
						DevelopmentTeam = 3R2S97YZLA;
					};
					36BE4CDB1C061524002E52D9 = {
						CreatedOnToolsVersion = 7.1.1;
						TestTargetID = 36BE4CC71C061524002E52D9;
					};
					36BE4CE61C061524002E52D9 = {
						CreatedOnToolsVersion = 7.1.1;
						TestTargetID = 36BE4CC71C061524002E52D9;
					};
				};
			};
			buildConfigurationList = 36BE4CC31C061524002E52D9 /* Build configuration list for PBXProject "Dolphin" */;
			compatibilityVersion = "Xcode 3.2";
			developmentRegion = English;
			hasScannedForEncodings = 0;
			knownRegions = (
				en,
				Base,
			);
			mainGroup = 36BE4CBF1C061524002E52D9;
			productRefGroup = 36BE4CC91C061524002E52D9 /* Products */;
			projectDirPath = "";
			projectRoot = "";
			targets = (
				36BE4CC71C061524002E52D9 /* Dolphin */,
				36BE4CDB1C061524002E52D9 /* DolphinTests */,
				36BE4CE61C061524002E52D9 /* DolphinUITests */,
			);
		};
/* End PBXProject section */

/* Begin PBXResourcesBuildPhase section */
		36BE4CC61C061524002E52D9 /* Resources */ = {
			isa = PBXResourcesBuildPhase;
			buildActionMask = 2147483647;
			files = (
				3689ECDE1C0E45B00087F828 /* PODPreviewTableViewCell.xib in Resources */,
				364140611C110F900022D1BE /* PostCommentsViewController.xib in Resources */,
				36E998241C24A952007FCF64 /* CreateImagePostFinishPostingViewController.xib in Resources */,
				368798681C29E13C0088AC24 /* LoginViewController.xib in Resources */,
				36BE4CD61C061524002E52D9 /* LaunchScreen.storyboard in Resources */,
				360EA4B11C0F6DC400692668 /* TopicCollectionViewCell.xib in Resources */,
				36E9982A1C28C154007FCF64 /* PostDetailsTopicsAndViewsTableViewCell.xib in Resources */,
				362D4BDE1C1F336100F065E5 /* CreateImagePostViewController.xib in Resources */,
				369382B91C31B8370005FCB0 /* FriendToInviteTableViewCell.xib in Resources */,
				3615B6FE1C19C5BE006BB8B4 /* CreateURLPostChooseImageViewController.xib in Resources */,
				36D1290A1C2C39FE002E3F47 /* InviteFriendsViewController.xib in Resources */,
				36BE4CD31C061524002E52D9 /* Assets.xcassets in Resources */,
				360EA4BA1C0F710100692668 /* PopularTrendingTopicsTableViewCell.xib in Resources */,
				3615B7031C19CAF6006BB8B4 /* CreatePostChooseImageCollectionViewCell.xib in Resources */,
				364140671C173B8D0022D1BE /* CreateURLPostViewController.xib in Resources */,
				360EA4B51C0F6F3A00692668 /* PopularViewController.xib in Resources */,
				368798851C2B2BA70088AC24 /* Raleway-Bold.ttf in Resources */,
				361FFE1E1C0CF381007EE366 /* PostDetailsViewController.xib in Resources */,
				3689ECE41C0E58EF0087F828 /* PODsListViewController.xib in Resources */,
				36D0C6A81C08E3790002AE35 /* FeedViewController.xib in Resources */,
				36BE4D0E1C062688002E52D9 /* SidebarViewController.xib in Resources */,
				36BE4CD11C061524002E52D9 /* Main.storyboard in Resources */,
				3689ECDA1C0E42A20087F828 /* PostActionsMenu.xib in Resources */,
				36D0C69C1C08AC5F0002AE35 /* PostTableViewCell.xib in Resources */,
				361FFE221C0CFAD1007EE366 /* PostDetailHeaderTableViewCell.xib in Resources */,
				36BE4D0A1C06250B002E52D9 /* HomeViewController.xib in Resources */,
				36D0C6981C07A0F50002AE35 /* NewPostMenu.xib in Resources */,
				36B1F4201C0FA97D0091A1B3 /* PODCollectionViewCell.xib in Resources */,
				3636F9661C1EF79C00999200 /* MyPODPreviewCollectionViewCell.xib in Resources */,
				361FFE261C0D0BBE007EE366 /* PostCommentOddTableViewCell.xib in Resources */,
				36B1F41C1C0FA7910091A1B3 /* PopularPODsTableViewCell.xib in Resources */,
				361FFE2C1C0D1803007EE366 /* PostCommentEvenTableViewCell.xib in Resources */,
				368798901C2B2BA70088AC24 /* Raleway-Regular.ttf in Resources */,
			);
			runOnlyForDeploymentPostprocessing = 0;
		};
		36BE4CDA1C061524002E52D9 /* Resources */ = {
			isa = PBXResourcesBuildPhase;
			buildActionMask = 2147483647;
			files = (
			);
			runOnlyForDeploymentPostprocessing = 0;
		};
		36BE4CE51C061524002E52D9 /* Resources */ = {
			isa = PBXResourcesBuildPhase;
			buildActionMask = 2147483647;
			files = (
			);
			runOnlyForDeploymentPostprocessing = 0;
		};
/* End PBXResourcesBuildPhase section */

/* Begin PBXShellScriptBuildPhase section */
		3689ECD61C0E32CD0087F828 /* ShellScript */ = {
			isa = PBXShellScriptBuildPhase;
			buildActionMask = 2147483647;
			files = (
			);
			inputPaths = (
			);
			outputPaths = (
			);
			runOnlyForDeploymentPostprocessing = 0;
			shellPath = /bin/sh;
			shellScript = "\"${PODS_ROOT}/Fabric/run\" 5f20290b6861556928d9ddd6e15c2abcab9d499e 1a525dd7ab268521feebfd1b2108c39dee79246f016b6a31d0c1e49bc9e6543d";
		};
		408C28626474BB053E682E5E /* Copy Pods Resources */ = {
			isa = PBXShellScriptBuildPhase;
			buildActionMask = 2147483647;
			files = (
			);
			inputPaths = (
			);
			name = "Copy Pods Resources";
			outputPaths = (
			);
			runOnlyForDeploymentPostprocessing = 0;
			shellPath = /bin/sh;
			shellScript = "\"${SRCROOT}/Pods/Target Support Files/Pods-Dolphin/Pods-Dolphin-resources.sh\"\n";
			showEnvVarsInLog = 0;
		};
		8429ED26D7E650E9622DBD26 /* Embed Pods Frameworks */ = {
			isa = PBXShellScriptBuildPhase;
			buildActionMask = 2147483647;
			files = (
			);
			inputPaths = (
			);
			name = "Embed Pods Frameworks";
			outputPaths = (
			);
			runOnlyForDeploymentPostprocessing = 0;
			shellPath = /bin/sh;
			shellScript = "\"${SRCROOT}/Pods/Target Support Files/Pods-Dolphin/Pods-Dolphin-frameworks.sh\"\n";
			showEnvVarsInLog = 0;
		};
		D3B12836245161532F883E61 /* Check Pods Manifest.lock */ = {
			isa = PBXShellScriptBuildPhase;
			buildActionMask = 2147483647;
			files = (
			);
			inputPaths = (
			);
			name = "Check Pods Manifest.lock";
			outputPaths = (
			);
			runOnlyForDeploymentPostprocessing = 0;
			shellPath = /bin/sh;
			shellScript = "diff \"${PODS_ROOT}/../Podfile.lock\" \"${PODS_ROOT}/Manifest.lock\" > /dev/null\nif [[ $? != 0 ]] ; then\n    cat << EOM\nerror: The sandbox is not in sync with the Podfile.lock. Run 'pod install' or update your CocoaPods installation.\nEOM\n    exit 1\nfi\n";
			showEnvVarsInLog = 0;
		};
/* End PBXShellScriptBuildPhase section */

/* Begin PBXSourcesBuildPhase section */
		36BE4CC41C061524002E52D9 /* Sources */ = {
			isa = PBXSourcesBuildPhase;
			buildActionMask = 2147483647;
			files = (
				368798661C29E1260088AC24 /* LoginViewController.swift in Sources */,
				360EA4B81C0F70F800692668 /* PopularTrendingTopicsTableViewCell.swift in Sources */,
				3687989D1C2B482C0088AC24 /* CustomFontTableViewCell.swift in Sources */,
				36D0C69E1C08CFDE0002AE35 /* PostTableViewCell.swift in Sources */,
				36D0C6A11C08D0990002AE35 /* Post.swift in Sources */,
				361FFE281C0D0C46007EE366 /* PostComment.swift in Sources */,
				36D0C6A61C08E35F0002AE35 /* FeedViewController.swift in Sources */,
				368798631C29BA190088AC24 /* NetworkController.swift in Sources */,
				368798981C2B34A60088AC24 /* DolphinCustomFontViewController.swift in Sources */,
				36BE4D081C062404002E52D9 /* HomeViewController.swift in Sources */,
				361FFE2A1C0D1792007EE366 /* PostCommentEvenTableViewCell.swift in Sources */,
				3615B7011C19CADF006BB8B4 /* CreatePostChooseImageCollectionViewCell.swift in Sources */,
				362D4BDC1C1F334800F065E5 /* CreateImagePostViewController.swift in Sources */,
				3615B6FC1C19C5A4006BB8B4 /* CreateURLPostChooseImageViewController.swift in Sources */,
				36BE4D0C1C062668002E52D9 /* SidebarViewController.swift in Sources */,
				36E998261C24C3A5007FCF64 /* UIImage+ScaleAndCrop.swift in Sources */,
				3689ECE01C0E45D40087F828 /* PODPreviewTableViewCell.swift in Sources */,
				36E998221C24A936007FCF64 /* CreateImagePostFinishPostingViewController.swift in Sources */,
				360993141C4049530082B995 /* UIAppearance_Swift.m in Sources */,
				3687989B1C2B3E0D0088AC24 /* Utils.swift in Sources */,
				360EA4B31C0F6F1400692668 /* PopularViewController.swift in Sources */,
				360EA4AF1C0F6D7300692668 /* TopicCollectionViewCell.swift in Sources */,
				361FFE201C0CFAB2007EE366 /* PostDetailHeaderTableViewCell.swift in Sources */,
				36BE4CCC1C061524002E52D9 /* AppDelegate.swift in Sources */,
				36B1F41A1C0FA7780091A1B3 /* PopularPODsTableViewCell.swift in Sources */,
				36B1F41E1C0FA9720091A1B3 /* PODCollectionViewCell.swift in Sources */,
				36D0C6A41C08D0E40002AE35 /* User.swift in Sources */,
				369382B71C31B7FE0005FCB0 /* FriendToInviteTableViewCell.swift in Sources */,
				3689ECE61C0E62E40087F828 /* POD.swift in Sources */,
				361FFE1A1C0CE8DE007EE366 /* TriangleView.swift in Sources */,
				36D841151C31EDC500C3065C /* TwitterFriend.swift in Sources */,
				36E998281C28C14A007FCF64 /* PostDetailsTopicsAndViewsTableViewCell.swift in Sources */,
				361FFE241C0D0BA8007EE366 /* PostCommentOddTableViewCell.swift in Sources */,
				36D129081C2C39E6002E3F47 /* InviteFriendsViewController.swift in Sources */,
				3687989F1C2B49990088AC24 /* CustomFontCollectionViewCell.swift in Sources */,
				3689ECE21C0E58CE0087F828 /* PODsListViewController.swift in Sources */,
				3636F9641C1EF79000999200 /* MyPODPreviewCollectionViewCell.swift in Sources */,
				36BE4CFE1C061AFD002E52D9 /* SWRevealViewController.m in Sources */,
				361FFE1C1C0CF36E007EE366 /* PostDetailsViewController.swift in Sources */,
				36C5DAA01C35A05300DFF60F /* InstagramFriend.swift in Sources */,
				36BE4D061C06217D002E52D9 /* UIColor+DolphinAdditions.swift in Sources */,
				36D841171C32C62500C3065C /* AddressBookContact.swift in Sources */,
				3689ECD81C0E3F330087F828 /* DolphinViewController.swift in Sources */,
				364140651C173B820022D1BE /* CreateURLPostViewController.swift in Sources */,
				369382B41C31B1FF0005FCB0 /* FacebookFriend.swift in Sources */,
				3641405F1C110F770022D1BE /* PostCommentsViewController.swift in Sources */,
				36BE4D031C0620AD002E52D9 /* DolphinTabBarViewController.swift in Sources */,
			);
			runOnlyForDeploymentPostprocessing = 0;
		};
		36BE4CD81C061524002E52D9 /* Sources */ = {
			isa = PBXSourcesBuildPhase;
			buildActionMask = 2147483647;
			files = (
				36BE4CE11C061524002E52D9 /* DolphinTests.swift in Sources */,
			);
			runOnlyForDeploymentPostprocessing = 0;
		};
		36BE4CE31C061524002E52D9 /* Sources */ = {
			isa = PBXSourcesBuildPhase;
			buildActionMask = 2147483647;
			files = (
				36BE4CEC1C061524002E52D9 /* DolphinUITests.swift in Sources */,
			);
			runOnlyForDeploymentPostprocessing = 0;
		};
/* End PBXSourcesBuildPhase section */

/* Begin PBXTargetDependency section */
		36BE4CDE1C061524002E52D9 /* PBXTargetDependency */ = {
			isa = PBXTargetDependency;
			target = 36BE4CC71C061524002E52D9 /* Dolphin */;
			targetProxy = 36BE4CDD1C061524002E52D9 /* PBXContainerItemProxy */;
		};
		36BE4CE91C061524002E52D9 /* PBXTargetDependency */ = {
			isa = PBXTargetDependency;
			target = 36BE4CC71C061524002E52D9 /* Dolphin */;
			targetProxy = 36BE4CE81C061524002E52D9 /* PBXContainerItemProxy */;
		};
/* End PBXTargetDependency section */

/* Begin PBXVariantGroup section */
		36BE4CCF1C061524002E52D9 /* Main.storyboard */ = {
			isa = PBXVariantGroup;
			children = (
				36BE4CD01C061524002E52D9 /* Base */,
			);
			name = Main.storyboard;
			sourceTree = "<group>";
		};
		36BE4CD41C061524002E52D9 /* LaunchScreen.storyboard */ = {
			isa = PBXVariantGroup;
			children = (
				36BE4CD51C061524002E52D9 /* Base */,
			);
			name = LaunchScreen.storyboard;
			sourceTree = "<group>";
		};
/* End PBXVariantGroup section */

/* Begin XCBuildConfiguration section */
		36BE4CEE1C061524002E52D9 /* Debug */ = {
			isa = XCBuildConfiguration;
			buildSettings = {
				ALWAYS_SEARCH_USER_PATHS = NO;
				CLANG_CXX_LANGUAGE_STANDARD = "gnu++0x";
				CLANG_CXX_LIBRARY = "libc++";
				CLANG_ENABLE_MODULES = YES;
				CLANG_ENABLE_OBJC_ARC = YES;
				CLANG_WARN_BOOL_CONVERSION = YES;
				CLANG_WARN_CONSTANT_CONVERSION = YES;
				CLANG_WARN_DIRECT_OBJC_ISA_USAGE = YES_ERROR;
				CLANG_WARN_EMPTY_BODY = YES;
				CLANG_WARN_ENUM_CONVERSION = YES;
				CLANG_WARN_INT_CONVERSION = YES;
				CLANG_WARN_OBJC_ROOT_CLASS = YES_ERROR;
				CLANG_WARN_UNREACHABLE_CODE = YES;
				CLANG_WARN__DUPLICATE_METHOD_MATCH = YES;
				"CODE_SIGN_IDENTITY[sdk=iphoneos*]" = "iPhone Developer";
				COPY_PHASE_STRIP = NO;
				DEBUG_INFORMATION_FORMAT = dwarf;
				ENABLE_STRICT_OBJC_MSGSEND = YES;
				ENABLE_TESTABILITY = YES;
				GCC_C_LANGUAGE_STANDARD = gnu99;
				GCC_DYNAMIC_NO_PIC = NO;
				GCC_NO_COMMON_BLOCKS = YES;
				GCC_OPTIMIZATION_LEVEL = 0;
				GCC_PREPROCESSOR_DEFINITIONS = (
					"DEBUG=1",
					"$(inherited)",
				);
				GCC_WARN_64_TO_32_BIT_CONVERSION = YES;
				GCC_WARN_ABOUT_RETURN_TYPE = YES_ERROR;
				GCC_WARN_UNDECLARED_SELECTOR = YES;
				GCC_WARN_UNINITIALIZED_AUTOS = YES_AGGRESSIVE;
				GCC_WARN_UNUSED_FUNCTION = YES;
				GCC_WARN_UNUSED_VARIABLE = YES;
				IPHONEOS_DEPLOYMENT_TARGET = 9.1;
				MTL_ENABLE_DEBUG_INFO = YES;
				ONLY_ACTIVE_ARCH = YES;
				SDKROOT = iphoneos;
				SWIFT_OPTIMIZATION_LEVEL = "-Onone";
			};
			name = Debug;
		};
		36BE4CEF1C061524002E52D9 /* Release */ = {
			isa = XCBuildConfiguration;
			buildSettings = {
				ALWAYS_SEARCH_USER_PATHS = NO;
				CLANG_CXX_LANGUAGE_STANDARD = "gnu++0x";
				CLANG_CXX_LIBRARY = "libc++";
				CLANG_ENABLE_MODULES = YES;
				CLANG_ENABLE_OBJC_ARC = YES;
				CLANG_WARN_BOOL_CONVERSION = YES;
				CLANG_WARN_CONSTANT_CONVERSION = YES;
				CLANG_WARN_DIRECT_OBJC_ISA_USAGE = YES_ERROR;
				CLANG_WARN_EMPTY_BODY = YES;
				CLANG_WARN_ENUM_CONVERSION = YES;
				CLANG_WARN_INT_CONVERSION = YES;
				CLANG_WARN_OBJC_ROOT_CLASS = YES_ERROR;
				CLANG_WARN_UNREACHABLE_CODE = YES;
				CLANG_WARN__DUPLICATE_METHOD_MATCH = YES;
				"CODE_SIGN_IDENTITY[sdk=iphoneos*]" = "iPhone Developer";
				COPY_PHASE_STRIP = NO;
				DEBUG_INFORMATION_FORMAT = "dwarf-with-dsym";
				ENABLE_NS_ASSERTIONS = NO;
				ENABLE_STRICT_OBJC_MSGSEND = YES;
				GCC_C_LANGUAGE_STANDARD = gnu99;
				GCC_NO_COMMON_BLOCKS = YES;
				GCC_WARN_64_TO_32_BIT_CONVERSION = YES;
				GCC_WARN_ABOUT_RETURN_TYPE = YES_ERROR;
				GCC_WARN_UNDECLARED_SELECTOR = YES;
				GCC_WARN_UNINITIALIZED_AUTOS = YES_AGGRESSIVE;
				GCC_WARN_UNUSED_FUNCTION = YES;
				GCC_WARN_UNUSED_VARIABLE = YES;
				IPHONEOS_DEPLOYMENT_TARGET = 9.1;
				MTL_ENABLE_DEBUG_INFO = NO;
				SDKROOT = iphoneos;
				VALIDATE_PRODUCT = YES;
			};
			name = Release;
		};
		36BE4CF11C061524002E52D9 /* Debug */ = {
			isa = XCBuildConfiguration;
			baseConfigurationReference = AD9E99804B93529D712BC626 /* Pods-Dolphin.debug.xcconfig */;
			buildSettings = {
				ASSETCATALOG_COMPILER_APPICON_NAME = AppIcon;
				ASSETCATALOG_COMPILER_LAUNCHIMAGE_NAME = DolphinLaunchImage;
				CLANG_ENABLE_MODULES = YES;
				CODE_SIGN_IDENTITY = "iPhone Developer";
				ENABLE_BITCODE = NO;
				FRAMEWORK_SEARCH_PATHS = (
					"$(inherited)",
					"$(PROJECT_DIR)/Dolphin",
					"~/Documents/FacebookSDK",
					"$(PROJECT_DIR)/build/Debug-iphoneos",
				);
				HEADER_SEARCH_PATHS = (
					"$(SDKROOT)/usr/include/libxml2",
					"$(inherited)",
					"\"${PODS_ROOT}/Headers/Public\"",
					"\"${PODS_ROOT}/Headers/Public/Crashlytics\"",
					"\"${PODS_ROOT}/Headers/Public/Fabric\"",
					"\"${PODS_ROOT}/Headers/Public/TwitterCore\"",
					"\"${PODS_ROOT}/Headers/Public/TwitterKit\"",
					/usr/include/libxml2,
				);
				INFOPLIST_FILE = Dolphin/Info.plist;
				IPHONEOS_DEPLOYMENT_TARGET = 8.0;
				LD_RUNPATH_SEARCH_PATHS = "$(inherited) @executable_path/Frameworks";
				PRODUCT_BUNDLE_IDENTIFIER = com.menloed.Dolphin;
				PRODUCT_NAME = "$(TARGET_NAME)";
				SWIFT_OBJC_BRIDGING_HEADER = "Dolphin-Bridging-Header.h";
				SWIFT_OPTIMIZATION_LEVEL = "-Onone";
			};
			name = Debug;
		};
		36BE4CF21C061524002E52D9 /* Release */ = {
			isa = XCBuildConfiguration;
			baseConfigurationReference = DCFBF776029220B30C3A087B /* Pods-Dolphin.release.xcconfig */;
			buildSettings = {
				ASSETCATALOG_COMPILER_APPICON_NAME = AppIcon;
				ASSETCATALOG_COMPILER_LAUNCHIMAGE_NAME = DolphinLaunchImage;
				CLANG_ENABLE_MODULES = YES;
				CODE_SIGN_IDENTITY = "iPhone Developer";
				ENABLE_BITCODE = NO;
				FRAMEWORK_SEARCH_PATHS = (
					"$(inherited)",
					"$(PROJECT_DIR)/Dolphin",
					"~/Documents/FacebookSDK",
					"$(PROJECT_DIR)/build/Debug-iphoneos",
				);
				HEADER_SEARCH_PATHS = (
					"$(SDKROOT)/usr/include/libxml2",
					"$(inherited)",
					"\"${PODS_ROOT}/Headers/Public\"",
					"\"${PODS_ROOT}/Headers/Public/Crashlytics\"",
					"\"${PODS_ROOT}/Headers/Public/Fabric\"",
					"\"${PODS_ROOT}/Headers/Public/TwitterCore\"",
					"\"${PODS_ROOT}/Headers/Public/TwitterKit\"",
					/usr/include/libxml2,
				);
				INFOPLIST_FILE = Dolphin/Info.plist;
				IPHONEOS_DEPLOYMENT_TARGET = 8.0;
				LD_RUNPATH_SEARCH_PATHS = "$(inherited) @executable_path/Frameworks";
				PRODUCT_BUNDLE_IDENTIFIER = com.menloed.Dolphin;
				PRODUCT_NAME = "$(TARGET_NAME)";
				SWIFT_OBJC_BRIDGING_HEADER = "Dolphin-Bridging-Header.h";
			};
			name = Release;
		};
		36BE4CF41C061524002E52D9 /* Debug */ = {
			isa = XCBuildConfiguration;
			buildSettings = {
				BUNDLE_LOADER = "$(TEST_HOST)";
				INFOPLIST_FILE = DolphinTests/Info.plist;
				LD_RUNPATH_SEARCH_PATHS = "$(inherited) @executable_path/Frameworks @loader_path/Frameworks";
				PRODUCT_BUNDLE_IDENTIFIER = com.ninthcoast.DolphinTests;
				PRODUCT_NAME = "$(TARGET_NAME)";
				TEST_HOST = "$(BUILT_PRODUCTS_DIR)/Dolphin.app/Dolphin";
			};
			name = Debug;
		};
		36BE4CF51C061524002E52D9 /* Release */ = {
			isa = XCBuildConfiguration;
			buildSettings = {
				BUNDLE_LOADER = "$(TEST_HOST)";
				INFOPLIST_FILE = DolphinTests/Info.plist;
				LD_RUNPATH_SEARCH_PATHS = "$(inherited) @executable_path/Frameworks @loader_path/Frameworks";
				PRODUCT_BUNDLE_IDENTIFIER = com.ninthcoast.DolphinTests;
				PRODUCT_NAME = "$(TARGET_NAME)";
				TEST_HOST = "$(BUILT_PRODUCTS_DIR)/Dolphin.app/Dolphin";
			};
			name = Release;
		};
		36BE4CF71C061524002E52D9 /* Debug */ = {
			isa = XCBuildConfiguration;
			buildSettings = {
				INFOPLIST_FILE = DolphinUITests/Info.plist;
				LD_RUNPATH_SEARCH_PATHS = "$(inherited) @executable_path/Frameworks @loader_path/Frameworks";
				PRODUCT_BUNDLE_IDENTIFIER = com.ninthcoast.DolphinUITests;
				PRODUCT_NAME = "$(TARGET_NAME)";
				TEST_TARGET_NAME = Dolphin;
				USES_XCTRUNNER = YES;
			};
			name = Debug;
		};
		36BE4CF81C061524002E52D9 /* Release */ = {
			isa = XCBuildConfiguration;
			buildSettings = {
				INFOPLIST_FILE = DolphinUITests/Info.plist;
				LD_RUNPATH_SEARCH_PATHS = "$(inherited) @executable_path/Frameworks @loader_path/Frameworks";
				PRODUCT_BUNDLE_IDENTIFIER = com.ninthcoast.DolphinUITests;
				PRODUCT_NAME = "$(TARGET_NAME)";
				TEST_TARGET_NAME = Dolphin;
				USES_XCTRUNNER = YES;
			};
			name = Release;
		};
/* End XCBuildConfiguration section */

/* Begin XCConfigurationList section */
		36BE4CC31C061524002E52D9 /* Build configuration list for PBXProject "Dolphin" */ = {
			isa = XCConfigurationList;
			buildConfigurations = (
				36BE4CEE1C061524002E52D9 /* Debug */,
				36BE4CEF1C061524002E52D9 /* Release */,
			);
			defaultConfigurationIsVisible = 0;
			defaultConfigurationName = Release;
		};
		36BE4CF01C061524002E52D9 /* Build configuration list for PBXNativeTarget "Dolphin" */ = {
			isa = XCConfigurationList;
			buildConfigurations = (
				36BE4CF11C061524002E52D9 /* Debug */,
				36BE4CF21C061524002E52D9 /* Release */,
			);
			defaultConfigurationIsVisible = 0;
			defaultConfigurationName = Release;
		};
		36BE4CF31C061524002E52D9 /* Build configuration list for PBXNativeTarget "DolphinTests" */ = {
			isa = XCConfigurationList;
			buildConfigurations = (
				36BE4CF41C061524002E52D9 /* Debug */,
				36BE4CF51C061524002E52D9 /* Release */,
			);
			defaultConfigurationIsVisible = 0;
			defaultConfigurationName = Release;
		};
		36BE4CF61C061524002E52D9 /* Build configuration list for PBXNativeTarget "DolphinUITests" */ = {
			isa = XCConfigurationList;
			buildConfigurations = (
				36BE4CF71C061524002E52D9 /* Debug */,
				36BE4CF81C061524002E52D9 /* Release */,
			);
			defaultConfigurationIsVisible = 0;
			defaultConfigurationName = Release;
		};
/* End XCConfigurationList section */
	};
	rootObject = 36BE4CC01C061524002E52D9 /* Project object */;
}
